{
    "_meta": {
        "hash": {
            "sha256": "7f6c654040fdc0650fae9a5b6d6686665ff5bb0446c379cd765d6e94d9abc2ca"
        },
        "host-environment-markers": {
            "implementation_name": "cpython",
            "implementation_version": "3.6.2",
            "os_name": "posix",
            "platform_machine": "x86_64",
            "platform_python_implementation": "CPython",
            "platform_release": "4.13.0-45-generic",
            "platform_system": "Linux",
            "platform_version": "#50~16.04.1-Ubuntu SMP Wed May 30 11:18:27 UTC 2018",
            "python_full_version": "3.6.2",
            "python_version": "3.6",
            "sys_platform": "linux"
        },
        "pipfile-spec": 6,
        "requires": {},
        "sources": [
            {
                "name": "pypi",
                "url": "https://pypi.python.org/simple",
                "verify_ssl": true
            }
        ]
    },
    "default": {
        "sh": {
            "hashes": [
                "sha256:ae3258c5249493cebe73cb4e18253a41ed69262484bad36fdb3efcb8ad8870bb",
                "sha256:b52bf5833ed01c7b5c5fb73a7f71b3d98d48e9b9b8764236237bdc7ecae850fc"
            ],
            "version": "==1.12.14"
        }
    },
    "develop": {}
}
